
Microsoft Visual Studio Solution File, Format Version 12.00
# Visual Studio Version 16
VisualStudioVersion = 16.0.30002.166
MinimumVisualStudioVersion = 10.0.40219.1
Project("{FAE04EC0-301F-11D3-BF4B-00C04F79EFBC}") = "prova-estagiario", "prova-estagiario\prova-estagiario.csproj", "{CC4FB4CD-4AAE-41A4-B766-8A6984AD77B8}"
EndProject
Global
	GlobalSection(SolutionConfigurationPlatforms) = preSolution
		Debug|Any CPU = Debug|Any CPU
		Release|Any CPU = Release|Any CPU
	EndGlobalSection
	GlobalSection(ProjectConfigurationPlatforms) = postSolution
		{CC4FB4CD-4AAE-41A4-B766-8A6984AD77B8}.Debug|Any CPU.ActiveCfg = Debug|Any CPU
		{CC4FB4CD-4AAE-41A4-B766-8A6984AD77B8}.Debug|Any CPU.Build.0 = Debug|Any CPU
		{CC4FB4CD-4AAE-41A4-B766-8A6984AD77B8}.Release|Any CPU.ActiveCfg = Release|Any CPU
		{CC4FB4CD-4AAE-41A4-B766-8A6984AD77B8}.Release|Any CPU.Build.0 = Release|Any CPU
	EndGlobalSection
	GlobalSection(SolutionProperties) = preSolution
		HideSolutionNode = FALSE
	EndGlobalSection
	GlobalSection(ExtensibilityGlobals) = postSolution
		SolutionGuid = {E9F9CB59-483E-4F30-B845-80D0D274AB1E}
	EndGlobalSection
EndGlobal
