
Microsoft Visual Studio Solution File, Format Version 12.00
# Visual Studio Version 16
VisualStudioVersion = 16.0.30002.166
MinimumVisualStudioVersion = 10.0.40219.1
Project("{9A19103F-16F7-4668-BE54-9A1E7A4F7556}") = "TAREFA1", "TAREFA1\TAREFA1.csproj", "{FB4B3185-03CD-43D8-9488-E762BC93BA99}"
EndProject
Project("{9A19103F-16F7-4668-BE54-9A1E7A4F7556}") = "TAREFA2", "TAREFA2\TAREFA2.csproj", "{F05CF8DB-D4EB-4367-9F0B-4F1DB128F2C4}"
EndProject
Project("{FAE04EC0-301F-11D3-BF4B-00C04F79EFBC}") = "TAREFA3", "TAREFA3\TAREFA3.csproj", "{663B3276-F40F-44C7-942C-C9A40DE47228}"
EndProject
Global
	GlobalSection(SolutionConfigurationPlatforms) = preSolution
		Debug|Any CPU = Debug|Any CPU
		Release|Any CPU = Release|Any CPU
	EndGlobalSection
	GlobalSection(ProjectConfigurationPlatforms) = postSolution
		{FB4B3185-03CD-43D8-9488-E762BC93BA99}.Debug|Any CPU.ActiveCfg = Debug|Any CPU
		{FB4B3185-03CD-43D8-9488-E762BC93BA99}.Debug|Any CPU.Build.0 = Debug|Any CPU
		{FB4B3185-03CD-43D8-9488-E762BC93BA99}.Release|Any CPU.ActiveCfg = Release|Any CPU
		{FB4B3185-03CD-43D8-9488-E762BC93BA99}.Release|Any CPU.Build.0 = Release|Any CPU
		{F05CF8DB-D4EB-4367-9F0B-4F1DB128F2C4}.Debug|Any CPU.ActiveCfg = Debug|Any CPU
		{F05CF8DB-D4EB-4367-9F0B-4F1DB128F2C4}.Debug|Any CPU.Build.0 = Debug|Any CPU
		{F05CF8DB-D4EB-4367-9F0B-4F1DB128F2C4}.Release|Any CPU.ActiveCfg = Release|Any CPU
		{F05CF8DB-D4EB-4367-9F0B-4F1DB128F2C4}.Release|Any CPU.Build.0 = Release|Any CPU
		{663B3276-F40F-44C7-942C-C9A40DE47228}.Debug|Any CPU.ActiveCfg = Debug|Any CPU
		{663B3276-F40F-44C7-942C-C9A40DE47228}.Debug|Any CPU.Build.0 = Debug|Any CPU
		{663B3276-F40F-44C7-942C-C9A40DE47228}.Release|Any CPU.ActiveCfg = Release|Any CPU
		{663B3276-F40F-44C7-942C-C9A40DE47228}.Release|Any CPU.Build.0 = Release|Any CPU
	EndGlobalSection
	GlobalSection(SolutionProperties) = preSolution
		HideSolutionNode = FALSE
	EndGlobalSection
	GlobalSection(ExtensibilityGlobals) = postSolution
		SolutionGuid = {2CC55EF7-09B8-4CE2-AF7D-DC79FACB3388}
	EndGlobalSection
EndGlobal
